
Microsoft Visual Studio Solution File, Format Version 12.00
# Visual Studio Version 17
VisualStudioVersion = 17.8.34330.188
MinimumVisualStudioVersion = 10.0.40219.1
Project("{2150E333-8FDC-42A3-9474-1A3956D46DE8}") = "src", "src", "{F9608617-044F-4CA9-9631-1B74DAC08632}"
EndProject
Project("{2150E333-8FDC-42A3-9474-1A3956D46DE8}") = "SolitionItems", "SolitionItems", "{20897996-56E9-4737-B22F-8022FC41597E}"
	ProjectSection(SolutionItems) = preProject
		ServiceUrls.txt = ServiceUrls.txt
	EndProjectSection
EndProject
Project("{2150E333-8FDC-42A3-9474-1A3956D46DE8}") = "BuildingBlocks", "BuildingBlocks", "{A9B8836C-7E77-4496-B4A0-FCE7B5862B0C}"
EndProject
Project("{2150E333-8FDC-42A3-9474-1A3956D46DE8}") = "Services", "Services", "{74B8F7F3-2C69-4B88-8896-192BDB22A264}"
EndProject
Project("{2150E333-8FDC-42A3-9474-1A3956D46DE8}") = "PhoneBookService", "PhoneBookService", "{D6B4659C-D191-4433-85EB-2AF69E03BBD6}"
EndProject
Project("{9A19103F-16F7-4668-BE54-9A1E7A4F7556}") = "PhoneBookService.Domain", "src\Services\PhoneBookService\PhoneBookService.Domain\PhoneBookService.Domain.csproj", "{2CC8049F-3DAF-4F97-9B22-F8D98BC26FF9}"
EndProject
Project("{2150E333-8FDC-42A3-9474-1A3956D46DE8}") = "ReportService", "ReportService", "{B8723DBC-3FD8-48C5-8075-7E8230DD09CF}"
EndProject
Project("{9A19103F-16F7-4668-BE54-9A1E7A4F7556}") = "PhoneBookService.Application", "src\Services\PhoneBookService\PhoneBookService.Application\PhoneBookService.Application.csproj", "{4195FFB2-EABC-4A82-A655-BB8FE768E089}"
EndProject
Project("{9A19103F-16F7-4668-BE54-9A1E7A4F7556}") = "PhoneBookService.Infrastructure", "src\Services\PhoneBookService\PhoneBookService.Infrastructure\PhoneBookService.Infrastructure.csproj", "{190CF4FA-0EDC-4CC1-ACDE-2381DD018F0A}"
EndProject
Project("{9A19103F-16F7-4668-BE54-9A1E7A4F7556}") = "PhoneBookService.Api", "src\Services\PhoneBookService\PhoneBookService.Api\PhoneBookService.Api.csproj", "{5C96C441-3D06-4A45-B2B8-1221C7C27E7F}"
EndProject
Project("{2150E333-8FDC-42A3-9474-1A3956D46DE8}") = "Tests", "Tests", "{0AAFF954-5EA1-48E1-B52F-CBB8070A2551}"
EndProject
Project("{2150E333-8FDC-42A3-9474-1A3956D46DE8}") = "BuildingBlocks", "BuildingBlocks", "{20D5A570-C021-43EA-8267-C0B3246238B3}"
EndProject
Project("{9A19103F-16F7-4668-BE54-9A1E7A4F7556}") = "EventBus.UnitTest", "src\Tests\BuildingBlocks\EventBus.UnitTest\EventBus.UnitTest.csproj", "{AB2B2F0C-2C9B-44B3-8539-45BCEAB84597}"
EndProject
Project("{9A19103F-16F7-4668-BE54-9A1E7A4F7556}") = "ReportService.Domain", "src\Services\ReportService\ReportService.Domain\ReportService.Domain.csproj", "{289A49F6-AD87-420B-A671-5AD4BB83CE2F}"
EndProject
Project("{9A19103F-16F7-4668-BE54-9A1E7A4F7556}") = "ReportService.Infrastructure", "src\Services\ReportService\ReportService.Infrastructure\ReportService.Infrastructure.csproj", "{83599601-E972-45A1-A0A7-1731044809D4}"
EndProject
Project("{2150E333-8FDC-42A3-9474-1A3956D46DE8}") = "Messaging", "Messaging", "{962FD543-E44F-4BAE-B725-B321EA38B464}"
EndProject
Project("{9A19103F-16F7-4668-BE54-9A1E7A4F7556}") = "PhoneBookService.Messaging", "src\Messaging\PhoneBookService.Messaging\PhoneBookService.Messaging.csproj", "{AA06CA6B-BE6A-4384-AA44-2414AEE9D219}"
EndProject
Project("{9A19103F-16F7-4668-BE54-9A1E7A4F7556}") = "ReportService.Application", "src\Services\ReportService.Application\ReportService.Application.csproj", "{9D0276D3-D02F-4269-88DB-A850B04AB9F1}"
EndProject
Project("{9A19103F-16F7-4668-BE54-9A1E7A4F7556}") = "ReportService.Api", "ReportService.Api\ReportService.Api.csproj", "{B530A7B4-287F-4F14-88B9-8CEC398EB4D1}"
EndProject
Project("{2150E333-8FDC-42A3-9474-1A3956D46DE8}") = "Solution Items", "Solution Items", "{9EF0F3E6-2686-4D9F-A434-08FF5F721DBE}"
EndProject
Project("{E53339B2-1760-4266-BCC7-CA923CBCF16C}") = "docker-compose", "docker-compose.dcproj", "{25187EE5-4DCE-42D5-9702-6FF42335E4BA}"
EndProject
Project("{9A19103F-16F7-4668-BE54-9A1E7A4F7556}") = "ReportService.ConsumerBg", "src\Services\ReportService\ReportService.ConsumerBg\ReportService.ConsumerBg.csproj", "{917D12C0-2716-45C0-9EB9-3753DF9278B5}"
EndProject
Global
	GlobalSection(SolutionConfigurationPlatforms) = preSolution
		Debug|Any CPU = Debug|Any CPU
		Release|Any CPU = Release|Any CPU
	EndGlobalSection
	GlobalSection(ProjectConfigurationPlatforms) = postSolution
		{2CC8049F-3DAF-4F97-9B22-F8D98BC26FF9}.Debug|Any CPU.ActiveCfg = Debug|Any CPU
		{2CC8049F-3DAF-4F97-9B22-F8D98BC26FF9}.Debug|Any CPU.Build.0 = Debug|Any CPU
		{2CC8049F-3DAF-4F97-9B22-F8D98BC26FF9}.Release|Any CPU.ActiveCfg = Release|Any CPU
		{2CC8049F-3DAF-4F97-9B22-F8D98BC26FF9}.Release|Any CPU.Build.0 = Release|Any CPU
		{4195FFB2-EABC-4A82-A655-BB8FE768E089}.Debug|Any CPU.ActiveCfg = Debug|Any CPU
		{4195FFB2-EABC-4A82-A655-BB8FE768E089}.Debug|Any CPU.Build.0 = Debug|Any CPU
		{4195FFB2-EABC-4A82-A655-BB8FE768E089}.Release|Any CPU.ActiveCfg = Release|Any CPU
		{4195FFB2-EABC-4A82-A655-BB8FE768E089}.Release|Any CPU.Build.0 = Release|Any CPU
		{190CF4FA-0EDC-4CC1-ACDE-2381DD018F0A}.Debug|Any CPU.ActiveCfg = Debug|Any CPU
		{190CF4FA-0EDC-4CC1-ACDE-2381DD018F0A}.Debug|Any CPU.Build.0 = Debug|Any CPU
		{190CF4FA-0EDC-4CC1-ACDE-2381DD018F0A}.Release|Any CPU.ActiveCfg = Release|Any CPU
		{190CF4FA-0EDC-4CC1-ACDE-2381DD018F0A}.Release|Any CPU.Build.0 = Release|Any CPU
		{5C96C441-3D06-4A45-B2B8-1221C7C27E7F}.Debug|Any CPU.ActiveCfg = Debug|Any CPU
		{5C96C441-3D06-4A45-B2B8-1221C7C27E7F}.Debug|Any CPU.Build.0 = Debug|Any CPU
		{5C96C441-3D06-4A45-B2B8-1221C7C27E7F}.Release|Any CPU.ActiveCfg = Release|Any CPU
		{5C96C441-3D06-4A45-B2B8-1221C7C27E7F}.Release|Any CPU.Build.0 = Release|Any CPU
		{AB2B2F0C-2C9B-44B3-8539-45BCEAB84597}.Debug|Any CPU.ActiveCfg = Debug|Any CPU
		{AB2B2F0C-2C9B-44B3-8539-45BCEAB84597}.Debug|Any CPU.Build.0 = Debug|Any CPU
		{AB2B2F0C-2C9B-44B3-8539-45BCEAB84597}.Release|Any CPU.ActiveCfg = Release|Any CPU
		{AB2B2F0C-2C9B-44B3-8539-45BCEAB84597}.Release|Any CPU.Build.0 = Release|Any CPU
		{289A49F6-AD87-420B-A671-5AD4BB83CE2F}.Debug|Any CPU.ActiveCfg = Debug|Any CPU
		{289A49F6-AD87-420B-A671-5AD4BB83CE2F}.Debug|Any CPU.Build.0 = Debug|Any CPU
		{289A49F6-AD87-420B-A671-5AD4BB83CE2F}.Release|Any CPU.ActiveCfg = Release|Any CPU
		{289A49F6-AD87-420B-A671-5AD4BB83CE2F}.Release|Any CPU.Build.0 = Release|Any CPU
		{83599601-E972-45A1-A0A7-1731044809D4}.Debug|Any CPU.ActiveCfg = Debug|Any CPU
		{83599601-E972-45A1-A0A7-1731044809D4}.Debug|Any CPU.Build.0 = Debug|Any CPU
		{83599601-E972-45A1-A0A7-1731044809D4}.Release|Any CPU.ActiveCfg = Release|Any CPU
		{83599601-E972-45A1-A0A7-1731044809D4}.Release|Any CPU.Build.0 = Release|Any CPU
		{AA06CA6B-BE6A-4384-AA44-2414AEE9D219}.Debug|Any CPU.ActiveCfg = Debug|Any CPU
		{AA06CA6B-BE6A-4384-AA44-2414AEE9D219}.Debug|Any CPU.Build.0 = Debug|Any CPU
		{AA06CA6B-BE6A-4384-AA44-2414AEE9D219}.Release|Any CPU.ActiveCfg = Release|Any CPU
		{AA06CA6B-BE6A-4384-AA44-2414AEE9D219}.Release|Any CPU.Build.0 = Release|Any CPU
		{9D0276D3-D02F-4269-88DB-A850B04AB9F1}.Debug|Any CPU.ActiveCfg = Debug|Any CPU
		{9D0276D3-D02F-4269-88DB-A850B04AB9F1}.Debug|Any CPU.Build.0 = Debug|Any CPU
		{9D0276D3-D02F-4269-88DB-A850B04AB9F1}.Release|Any CPU.ActiveCfg = Release|Any CPU
		{9D0276D3-D02F-4269-88DB-A850B04AB9F1}.Release|Any CPU.Build.0 = Release|Any CPU
		{B530A7B4-287F-4F14-88B9-8CEC398EB4D1}.Debug|Any CPU.ActiveCfg = Debug|Any CPU
		{B530A7B4-287F-4F14-88B9-8CEC398EB4D1}.Debug|Any CPU.Build.0 = Debug|Any CPU
		{B530A7B4-287F-4F14-88B9-8CEC398EB4D1}.Release|Any CPU.ActiveCfg = Release|Any CPU
		{B530A7B4-287F-4F14-88B9-8CEC398EB4D1}.Release|Any CPU.Build.0 = Release|Any CPU
		{25187EE5-4DCE-42D5-9702-6FF42335E4BA}.Debug|Any CPU.ActiveCfg = Debug|Any CPU
		{25187EE5-4DCE-42D5-9702-6FF42335E4BA}.Debug|Any CPU.Build.0 = Debug|Any CPU
		{25187EE5-4DCE-42D5-9702-6FF42335E4BA}.Release|Any CPU.ActiveCfg = Release|Any CPU
		{25187EE5-4DCE-42D5-9702-6FF42335E4BA}.Release|Any CPU.Build.0 = Release|Any CPU
		{917D12C0-2716-45C0-9EB9-3753DF9278B5}.Debug|Any CPU.ActiveCfg = Debug|Any CPU
		{917D12C0-2716-45C0-9EB9-3753DF9278B5}.Debug|Any CPU.Build.0 = Debug|Any CPU
		{917D12C0-2716-45C0-9EB9-3753DF9278B5}.Release|Any CPU.ActiveCfg = Release|Any CPU
		{917D12C0-2716-45C0-9EB9-3753DF9278B5}.Release|Any CPU.Build.0 = Release|Any CPU
	EndGlobalSection
	GlobalSection(SolutionProperties) = preSolution
		HideSolutionNode = FALSE
	EndGlobalSection
	GlobalSection(NestedProjects) = preSolution
		{A9B8836C-7E77-4496-B4A0-FCE7B5862B0C} = {F9608617-044F-4CA9-9631-1B74DAC08632}
		{74B8F7F3-2C69-4B88-8896-192BDB22A264} = {F9608617-044F-4CA9-9631-1B74DAC08632}
		{D6B4659C-D191-4433-85EB-2AF69E03BBD6} = {74B8F7F3-2C69-4B88-8896-192BDB22A264}
		{2CC8049F-3DAF-4F97-9B22-F8D98BC26FF9} = {D6B4659C-D191-4433-85EB-2AF69E03BBD6}
		{B8723DBC-3FD8-48C5-8075-7E8230DD09CF} = {74B8F7F3-2C69-4B88-8896-192BDB22A264}
		{4195FFB2-EABC-4A82-A655-BB8FE768E089} = {D6B4659C-D191-4433-85EB-2AF69E03BBD6}
		{190CF4FA-0EDC-4CC1-ACDE-2381DD018F0A} = {D6B4659C-D191-4433-85EB-2AF69E03BBD6}
		{5C96C441-3D06-4A45-B2B8-1221C7C27E7F} = {D6B4659C-D191-4433-85EB-2AF69E03BBD6}
		{0AAFF954-5EA1-48E1-B52F-CBB8070A2551} = {F9608617-044F-4CA9-9631-1B74DAC08632}
		{20D5A570-C021-43EA-8267-C0B3246238B3} = {0AAFF954-5EA1-48E1-B52F-CBB8070A2551}
		{AB2B2F0C-2C9B-44B3-8539-45BCEAB84597} = {20D5A570-C021-43EA-8267-C0B3246238B3}
		{289A49F6-AD87-420B-A671-5AD4BB83CE2F} = {B8723DBC-3FD8-48C5-8075-7E8230DD09CF}
		{83599601-E972-45A1-A0A7-1731044809D4} = {B8723DBC-3FD8-48C5-8075-7E8230DD09CF}
		{962FD543-E44F-4BAE-B725-B321EA38B464} = {F9608617-044F-4CA9-9631-1B74DAC08632}
		{AA06CA6B-BE6A-4384-AA44-2414AEE9D219} = {962FD543-E44F-4BAE-B725-B321EA38B464}
		{9D0276D3-D02F-4269-88DB-A850B04AB9F1} = {B8723DBC-3FD8-48C5-8075-7E8230DD09CF}
		{B530A7B4-287F-4F14-88B9-8CEC398EB4D1} = {B8723DBC-3FD8-48C5-8075-7E8230DD09CF}
		{917D12C0-2716-45C0-9EB9-3753DF9278B5} = {B8723DBC-3FD8-48C5-8075-7E8230DD09CF}
	EndGlobalSection
	GlobalSection(ExtensibilityGlobals) = postSolution
		SolutionGuid = {F10EBB64-25EE-4725-B015-82C56FA4E61F}
	EndGlobalSection
EndGlobal
