
Microsoft Visual Studio Solution File, Format Version 12.00
# Visual Studio Version 17
VisualStudioVersion = 17.8.34330.188
MinimumVisualStudioVersion = 10.0.40219.1
Project("{2150E333-8FDC-42A3-9474-1A3956D46DE8}") = "src", "src", "{F9608617-044F-4CA9-9631-1B74DAC08632}"
EndProject
Project("{2150E333-8FDC-42A3-9474-1A3956D46DE8}") = "SolitionItems", "SolitionItems", "{20897996-56E9-4737-B22F-8022FC41597E}"
	ProjectSection(SolutionItems) = preProject
		ServiceUrls.txt = ServiceUrls.txt
	EndProjectSection
EndProject
Project("{2150E333-8FDC-42A3-9474-1A3956D46DE8}") = "ApiGateways", "ApiGateways", "{1F50CCA9-FB9C-46A8-8D25-EBE4FFD6BB43}"
EndProject
Project("{2150E333-8FDC-42A3-9474-1A3956D46DE8}") = "BuildingBlocks", "BuildingBlocks", "{A9B8836C-7E77-4496-B4A0-FCE7B5862B0C}"
EndProject
Project("{2150E333-8FDC-42A3-9474-1A3956D46DE8}") = "Services", "Services", "{74B8F7F3-2C69-4B88-8896-192BDB22A264}"
EndProject
Project("{2150E333-8FDC-42A3-9474-1A3956D46DE8}") = "WebGateway", "WebGateway", "{A9D242E3-4F2E-456A-BAEC-9C26A48410D5}"
EndProject
Project("{9A19103F-16F7-4668-BE54-9A1E7A4F7556}") = "Web.ApiGateway", "src\ApiGateways\WebApiGateway\Web.ApiGateway\Web.ApiGateway.csproj", "{E972EFEE-8597-4B53-91C8-9590B5CF4E25}"
EndProject
Project("{2150E333-8FDC-42A3-9474-1A3956D46DE8}") = "EventBus", "EventBus", "{37186281-81FC-47C1-9CB7-F3F78427AEFB}"
EndProject
Project("{9A19103F-16F7-4668-BE54-9A1E7A4F7556}") = "EventBus.Base", "src\BuildingBlocks\EventBus\EventBus.Base\EventBus.Base.csproj", "{5DA29D04-C399-4982-BE42-76299D62732C}"
EndProject
Project("{9A19103F-16F7-4668-BE54-9A1E7A4F7556}") = "EventBus.Factory", "src\BuildingBlocks\EventBus\EventBus.Factory\EventBus.Factory.csproj", "{8B1513C5-737E-45E8-B0C8-0197D5F3405B}"
EndProject
Project("{9A19103F-16F7-4668-BE54-9A1E7A4F7556}") = "EventBus.AzureServiceBus", "src\BuildingBlocks\EventBus\EventBus.AzureServiceBus\EventBus.AzureServiceBus.csproj", "{0B2316FE-D666-4B32-B544-0DBFC919E8D6}"
EndProject
Project("{9A19103F-16F7-4668-BE54-9A1E7A4F7556}") = "EventBus.RabbitMQ", "src\BuildingBlocks\EventBus\EventBus.RabbitMQ\EventBus.RabbitMQ.csproj", "{D97C9F31-E279-4BD3-B894-C323CE4AFDC3}"
EndProject
Project("{2150E333-8FDC-42A3-9474-1A3956D46DE8}") = "PhoneBookService", "PhoneBookService", "{D6B4659C-D191-4433-85EB-2AF69E03BBD6}"
EndProject
Project("{9A19103F-16F7-4668-BE54-9A1E7A4F7556}") = "PhoneBookService.Domain", "src\Services\PhoneBookService\PhoneBookService.Domain\PhoneBookService.Domain.csproj", "{2CC8049F-3DAF-4F97-9B22-F8D98BC26FF9}"
EndProject
Project("{2150E333-8FDC-42A3-9474-1A3956D46DE8}") = "ReportService", "ReportService", "{B8723DBC-3FD8-48C5-8075-7E8230DD09CF}"
EndProject
Project("{9A19103F-16F7-4668-BE54-9A1E7A4F7556}") = "PhoneBookService.Application", "src\Services\PhoneBookService\PhoneBookService.Application\PhoneBookService.Application.csproj", "{4195FFB2-EABC-4A82-A655-BB8FE768E089}"
EndProject
Project("{9A19103F-16F7-4668-BE54-9A1E7A4F7556}") = "PhoneBookService.Infrastructure", "src\Services\PhoneBookService\PhoneBookService.Infrastructure\PhoneBookService.Infrastructure.csproj", "{190CF4FA-0EDC-4CC1-ACDE-2381DD018F0A}"
EndProject
Project("{9A19103F-16F7-4668-BE54-9A1E7A4F7556}") = "PhoneBookService.Api", "src\Services\PhoneBookService\PhoneBookService.Api\PhoneBookService.Api.csproj", "{5C96C441-3D06-4A45-B2B8-1221C7C27E7F}"
EndProject
Project("{2150E333-8FDC-42A3-9474-1A3956D46DE8}") = "Tests", "Tests", "{0AAFF954-5EA1-48E1-B52F-CBB8070A2551}"
EndProject
Project("{2150E333-8FDC-42A3-9474-1A3956D46DE8}") = "BuildingBlocks", "BuildingBlocks", "{20D5A570-C021-43EA-8267-C0B3246238B3}"
EndProject
Project("{9A19103F-16F7-4668-BE54-9A1E7A4F7556}") = "EventBus.UnitTest", "src\Tests\BuildingBlocks\EventBus.UnitTest\EventBus.UnitTest.csproj", "{AB2B2F0C-2C9B-44B3-8539-45BCEAB84597}"
EndProject
Project("{9A19103F-16F7-4668-BE54-9A1E7A4F7556}") = "ReportService.Domain", "src\Services\ReportService\ReportService.Domain\ReportService.Domain.csproj", "{289A49F6-AD87-420B-A671-5AD4BB83CE2F}"
EndProject
Project("{9A19103F-16F7-4668-BE54-9A1E7A4F7556}") = "ReportService.Infrastructure", "src\Services\ReportService\ReportService.Infrastructure\ReportService.Infrastructure.csproj", "{83599601-E972-45A1-A0A7-1731044809D4}"
EndProject
Project("{2150E333-8FDC-42A3-9474-1A3956D46DE8}") = "Messaging", "Messaging", "{962FD543-E44F-4BAE-B725-B321EA38B464}"
EndProject
Project("{9A19103F-16F7-4668-BE54-9A1E7A4F7556}") = "PhoneBookService.Messaging", "src\Messaging\PhoneBookService.Messaging\PhoneBookService.Messaging.csproj", "{AA06CA6B-BE6A-4384-AA44-2414AEE9D219}"
EndProject
Project("{9A19103F-16F7-4668-BE54-9A1E7A4F7556}") = "ReportService.Application", "src\Services\ReportService.Application\ReportService.Application.csproj", "{9D0276D3-D02F-4269-88DB-A850B04AB9F1}"
EndProject
Project("{FAE04EC0-301F-11D3-BF4B-00C04F79EFBC}") = "ReportService.Api", "ReportService.Api\ReportService.Api.csproj", "{B530A7B4-287F-4F14-88B9-8CEC398EB4D1}"
EndProject
Project("{FAE04EC0-301F-11D3-BF4B-00C04F79EFBC}") = "ReportService.Consumer", "src\Services\ReportService.Consumer\ReportService.Consumer.csproj", "{30B1413D-805F-4EF8-92A6-84C7A457C297}"
EndProject
Global
	GlobalSection(SolutionConfigurationPlatforms) = preSolution
		Debug|Any CPU = Debug|Any CPU
		Release|Any CPU = Release|Any CPU
	EndGlobalSection
	GlobalSection(ProjectConfigurationPlatforms) = postSolution
		{E972EFEE-8597-4B53-91C8-9590B5CF4E25}.Debug|Any CPU.ActiveCfg = Debug|Any CPU
		{E972EFEE-8597-4B53-91C8-9590B5CF4E25}.Debug|Any CPU.Build.0 = Debug|Any CPU
		{E972EFEE-8597-4B53-91C8-9590B5CF4E25}.Release|Any CPU.ActiveCfg = Release|Any CPU
		{E972EFEE-8597-4B53-91C8-9590B5CF4E25}.Release|Any CPU.Build.0 = Release|Any CPU
		{5DA29D04-C399-4982-BE42-76299D62732C}.Debug|Any CPU.ActiveCfg = Debug|Any CPU
		{5DA29D04-C399-4982-BE42-76299D62732C}.Debug|Any CPU.Build.0 = Debug|Any CPU
		{5DA29D04-C399-4982-BE42-76299D62732C}.Release|Any CPU.ActiveCfg = Release|Any CPU
		{5DA29D04-C399-4982-BE42-76299D62732C}.Release|Any CPU.Build.0 = Release|Any CPU
		{8B1513C5-737E-45E8-B0C8-0197D5F3405B}.Debug|Any CPU.ActiveCfg = Debug|Any CPU
		{8B1513C5-737E-45E8-B0C8-0197D5F3405B}.Debug|Any CPU.Build.0 = Debug|Any CPU
		{8B1513C5-737E-45E8-B0C8-0197D5F3405B}.Release|Any CPU.ActiveCfg = Release|Any CPU
		{8B1513C5-737E-45E8-B0C8-0197D5F3405B}.Release|Any CPU.Build.0 = Release|Any CPU
		{0B2316FE-D666-4B32-B544-0DBFC919E8D6}.Debug|Any CPU.ActiveCfg = Debug|Any CPU
		{0B2316FE-D666-4B32-B544-0DBFC919E8D6}.Debug|Any CPU.Build.0 = Debug|Any CPU
		{0B2316FE-D666-4B32-B544-0DBFC919E8D6}.Release|Any CPU.ActiveCfg = Release|Any CPU
		{0B2316FE-D666-4B32-B544-0DBFC919E8D6}.Release|Any CPU.Build.0 = Release|Any CPU
		{D97C9F31-E279-4BD3-B894-C323CE4AFDC3}.Debug|Any CPU.ActiveCfg = Debug|Any CPU
		{D97C9F31-E279-4BD3-B894-C323CE4AFDC3}.Debug|Any CPU.Build.0 = Debug|Any CPU
		{D97C9F31-E279-4BD3-B894-C323CE4AFDC3}.Release|Any CPU.ActiveCfg = Release|Any CPU
		{D97C9F31-E279-4BD3-B894-C323CE4AFDC3}.Release|Any CPU.Build.0 = Release|Any CPU
		{2CC8049F-3DAF-4F97-9B22-F8D98BC26FF9}.Debug|Any CPU.ActiveCfg = Debug|Any CPU
		{2CC8049F-3DAF-4F97-9B22-F8D98BC26FF9}.Debug|Any CPU.Build.0 = Debug|Any CPU
		{2CC8049F-3DAF-4F97-9B22-F8D98BC26FF9}.Release|Any CPU.ActiveCfg = Release|Any CPU
		{2CC8049F-3DAF-4F97-9B22-F8D98BC26FF9}.Release|Any CPU.Build.0 = Release|Any CPU
		{4195FFB2-EABC-4A82-A655-BB8FE768E089}.Debug|Any CPU.ActiveCfg = Debug|Any CPU
		{4195FFB2-EABC-4A82-A655-BB8FE768E089}.Debug|Any CPU.Build.0 = Debug|Any CPU
		{4195FFB2-EABC-4A82-A655-BB8FE768E089}.Release|Any CPU.ActiveCfg = Release|Any CPU
		{4195FFB2-EABC-4A82-A655-BB8FE768E089}.Release|Any CPU.Build.0 = Release|Any CPU
		{190CF4FA-0EDC-4CC1-ACDE-2381DD018F0A}.Debug|Any CPU.ActiveCfg = Debug|Any CPU
		{190CF4FA-0EDC-4CC1-ACDE-2381DD018F0A}.Debug|Any CPU.Build.0 = Debug|Any CPU
		{190CF4FA-0EDC-4CC1-ACDE-2381DD018F0A}.Release|Any CPU.ActiveCfg = Release|Any CPU
		{190CF4FA-0EDC-4CC1-ACDE-2381DD018F0A}.Release|Any CPU.Build.0 = Release|Any CPU
		{5C96C441-3D06-4A45-B2B8-1221C7C27E7F}.Debug|Any CPU.ActiveCfg = Debug|Any CPU
		{5C96C441-3D06-4A45-B2B8-1221C7C27E7F}.Debug|Any CPU.Build.0 = Debug|Any CPU
		{5C96C441-3D06-4A45-B2B8-1221C7C27E7F}.Release|Any CPU.ActiveCfg = Release|Any CPU
		{5C96C441-3D06-4A45-B2B8-1221C7C27E7F}.Release|Any CPU.Build.0 = Release|Any CPU
		{AB2B2F0C-2C9B-44B3-8539-45BCEAB84597}.Debug|Any CPU.ActiveCfg = Debug|Any CPU
		{AB2B2F0C-2C9B-44B3-8539-45BCEAB84597}.Debug|Any CPU.Build.0 = Debug|Any CPU
		{AB2B2F0C-2C9B-44B3-8539-45BCEAB84597}.Release|Any CPU.ActiveCfg = Release|Any CPU
		{AB2B2F0C-2C9B-44B3-8539-45BCEAB84597}.Release|Any CPU.Build.0 = Release|Any CPU
		{289A49F6-AD87-420B-A671-5AD4BB83CE2F}.Debug|Any CPU.ActiveCfg = Debug|Any CPU
		{289A49F6-AD87-420B-A671-5AD4BB83CE2F}.Debug|Any CPU.Build.0 = Debug|Any CPU
		{289A49F6-AD87-420B-A671-5AD4BB83CE2F}.Release|Any CPU.ActiveCfg = Release|Any CPU
		{289A49F6-AD87-420B-A671-5AD4BB83CE2F}.Release|Any CPU.Build.0 = Release|Any CPU
		{83599601-E972-45A1-A0A7-1731044809D4}.Debug|Any CPU.ActiveCfg = Debug|Any CPU
		{83599601-E972-45A1-A0A7-1731044809D4}.Debug|Any CPU.Build.0 = Debug|Any CPU
		{83599601-E972-45A1-A0A7-1731044809D4}.Release|Any CPU.ActiveCfg = Release|Any CPU
		{83599601-E972-45A1-A0A7-1731044809D4}.Release|Any CPU.Build.0 = Release|Any CPU
		{AA06CA6B-BE6A-4384-AA44-2414AEE9D219}.Debug|Any CPU.ActiveCfg = Debug|Any CPU
		{AA06CA6B-BE6A-4384-AA44-2414AEE9D219}.Debug|Any CPU.Build.0 = Debug|Any CPU
		{AA06CA6B-BE6A-4384-AA44-2414AEE9D219}.Release|Any CPU.ActiveCfg = Release|Any CPU
		{AA06CA6B-BE6A-4384-AA44-2414AEE9D219}.Release|Any CPU.Build.0 = Release|Any CPU
		{9D0276D3-D02F-4269-88DB-A850B04AB9F1}.Debug|Any CPU.ActiveCfg = Debug|Any CPU
		{9D0276D3-D02F-4269-88DB-A850B04AB9F1}.Debug|Any CPU.Build.0 = Debug|Any CPU
		{9D0276D3-D02F-4269-88DB-A850B04AB9F1}.Release|Any CPU.ActiveCfg = Release|Any CPU
		{9D0276D3-D02F-4269-88DB-A850B04AB9F1}.Release|Any CPU.Build.0 = Release|Any CPU
		{B530A7B4-287F-4F14-88B9-8CEC398EB4D1}.Debug|Any CPU.ActiveCfg = Debug|Any CPU
		{B530A7B4-287F-4F14-88B9-8CEC398EB4D1}.Debug|Any CPU.Build.0 = Debug|Any CPU
		{B530A7B4-287F-4F14-88B9-8CEC398EB4D1}.Release|Any CPU.ActiveCfg = Release|Any CPU
		{B530A7B4-287F-4F14-88B9-8CEC398EB4D1}.Release|Any CPU.Build.0 = Release|Any CPU
		{30B1413D-805F-4EF8-92A6-84C7A457C297}.Debug|Any CPU.ActiveCfg = Debug|Any CPU
		{30B1413D-805F-4EF8-92A6-84C7A457C297}.Debug|Any CPU.Build.0 = Debug|Any CPU
		{30B1413D-805F-4EF8-92A6-84C7A457C297}.Release|Any CPU.ActiveCfg = Release|Any CPU
		{30B1413D-805F-4EF8-92A6-84C7A457C297}.Release|Any CPU.Build.0 = Release|Any CPU
	EndGlobalSection
	GlobalSection(SolutionProperties) = preSolution
		HideSolutionNode = FALSE
	EndGlobalSection
	GlobalSection(NestedProjects) = preSolution
		{1F50CCA9-FB9C-46A8-8D25-EBE4FFD6BB43} = {F9608617-044F-4CA9-9631-1B74DAC08632}
		{A9B8836C-7E77-4496-B4A0-FCE7B5862B0C} = {F9608617-044F-4CA9-9631-1B74DAC08632}
		{74B8F7F3-2C69-4B88-8896-192BDB22A264} = {F9608617-044F-4CA9-9631-1B74DAC08632}
		{A9D242E3-4F2E-456A-BAEC-9C26A48410D5} = {1F50CCA9-FB9C-46A8-8D25-EBE4FFD6BB43}
		{E972EFEE-8597-4B53-91C8-9590B5CF4E25} = {A9D242E3-4F2E-456A-BAEC-9C26A48410D5}
		{37186281-81FC-47C1-9CB7-F3F78427AEFB} = {A9B8836C-7E77-4496-B4A0-FCE7B5862B0C}
		{5DA29D04-C399-4982-BE42-76299D62732C} = {37186281-81FC-47C1-9CB7-F3F78427AEFB}
		{8B1513C5-737E-45E8-B0C8-0197D5F3405B} = {37186281-81FC-47C1-9CB7-F3F78427AEFB}
		{0B2316FE-D666-4B32-B544-0DBFC919E8D6} = {37186281-81FC-47C1-9CB7-F3F78427AEFB}
		{D97C9F31-E279-4BD3-B894-C323CE4AFDC3} = {37186281-81FC-47C1-9CB7-F3F78427AEFB}
		{D6B4659C-D191-4433-85EB-2AF69E03BBD6} = {74B8F7F3-2C69-4B88-8896-192BDB22A264}
		{2CC8049F-3DAF-4F97-9B22-F8D98BC26FF9} = {D6B4659C-D191-4433-85EB-2AF69E03BBD6}
		{B8723DBC-3FD8-48C5-8075-7E8230DD09CF} = {74B8F7F3-2C69-4B88-8896-192BDB22A264}
		{4195FFB2-EABC-4A82-A655-BB8FE768E089} = {D6B4659C-D191-4433-85EB-2AF69E03BBD6}
		{190CF4FA-0EDC-4CC1-ACDE-2381DD018F0A} = {D6B4659C-D191-4433-85EB-2AF69E03BBD6}
		{5C96C441-3D06-4A45-B2B8-1221C7C27E7F} = {D6B4659C-D191-4433-85EB-2AF69E03BBD6}
		{0AAFF954-5EA1-48E1-B52F-CBB8070A2551} = {F9608617-044F-4CA9-9631-1B74DAC08632}
		{20D5A570-C021-43EA-8267-C0B3246238B3} = {0AAFF954-5EA1-48E1-B52F-CBB8070A2551}
		{AB2B2F0C-2C9B-44B3-8539-45BCEAB84597} = {20D5A570-C021-43EA-8267-C0B3246238B3}
		{289A49F6-AD87-420B-A671-5AD4BB83CE2F} = {B8723DBC-3FD8-48C5-8075-7E8230DD09CF}
		{83599601-E972-45A1-A0A7-1731044809D4} = {B8723DBC-3FD8-48C5-8075-7E8230DD09CF}
		{962FD543-E44F-4BAE-B725-B321EA38B464} = {F9608617-044F-4CA9-9631-1B74DAC08632}
		{AA06CA6B-BE6A-4384-AA44-2414AEE9D219} = {962FD543-E44F-4BAE-B725-B321EA38B464}
		{9D0276D3-D02F-4269-88DB-A850B04AB9F1} = {B8723DBC-3FD8-48C5-8075-7E8230DD09CF}
		{B530A7B4-287F-4F14-88B9-8CEC398EB4D1} = {B8723DBC-3FD8-48C5-8075-7E8230DD09CF}
		{30B1413D-805F-4EF8-92A6-84C7A457C297} = {B8723DBC-3FD8-48C5-8075-7E8230DD09CF}
	EndGlobalSection
	GlobalSection(ExtensibilityGlobals) = postSolution
		SolutionGuid = {F10EBB64-25EE-4725-B015-82C56FA4E61F}
	EndGlobalSection
EndGlobal
